{
    "hash": "56571256a772fc60ffd7813de0aede73",
    "packages": [
        {
            "package": "doctrine/common",
            "version": "2.2.2"
        },
        {
            "package": "doctrine/dbal",
            "version": "2.2.2"
        },
        {
            "package": "doctrine/orm",
            "version": "2.2.1"
        },
        {
            "package": "ezyang/htmlpurifier",
            "version": "dev-master",
            "source-reference": "ab0906123d17d5af2a51d6d59042f13f4f42cf8f"
        },
        {
            "package": "jazzee/foundation",
            "version": "dev-master",
            "source-reference": "52eefaea523d8d334fa91575603471ef6ff3e1a3"
        },
        {
            "package": "monolog/monolog",
            "version": "1.1.0"
        },
        {
            "package": "symfony/console",
            "version": "dev-master",
            "source-reference": "afc5ecf2967bf3510363535c0389ddc0f6284784"
        }
    ],
    "packages-dev": null,
    "aliases": [

    ],
    "minimum-stability": "dev",
    "stability-flags": {
        "jazzee/foundation": 20
    }
}
